
Microsoft Visual Studio Solution File, Format Version 12.00
# Visual Studio Version 16
VisualStudioVersion = 16.0.31624.102
MinimumVisualStudioVersion = 10.0.40219.1
Project("{FAE04EC0-301F-11D3-BF4B-00C04F79EFBC}") = "eugenebot2021", "eugenebot2021\eugenebot2021.csproj", "{FC02D285-B03E-403C-B95E-17E10287D7B9}"
EndProject
Global
	GlobalSection(SolutionConfigurationPlatforms) = preSolution
		Debug|Any CPU = Debug|Any CPU
		Release|Any CPU = Release|Any CPU
	EndGlobalSection
	GlobalSection(ProjectConfigurationPlatforms) = postSolution
		{FC02D285-B03E-403C-B95E-17E10287D7B9}.Debug|Any CPU.ActiveCfg = Debug|Any CPU
		{FC02D285-B03E-403C-B95E-17E10287D7B9}.Debug|Any CPU.Build.0 = Debug|Any CPU
		{FC02D285-B03E-403C-B95E-17E10287D7B9}.Release|Any CPU.ActiveCfg = Release|Any CPU
		{FC02D285-B03E-403C-B95E-17E10287D7B9}.Release|Any CPU.Build.0 = Release|Any CPU
	EndGlobalSection
	GlobalSection(SolutionProperties) = preSolution
		HideSolutionNode = FALSE
	EndGlobalSection
	GlobalSection(ExtensibilityGlobals) = postSolution
		SolutionGuid = {254015BE-1071-4FE7-A1B9-6CCBC258DA07}
	EndGlobalSection
EndGlobal
